<?xml version="1.0" encoding="utf-8"?>
<Project ToolsVersion="4.0" xmlns="http://schemas.microsoft.com/developer/msbuild/2003">
  <ItemGroup>
    <ClCompile Include="CFGPairs.cpp">
      <Filter>Source Files</Filter>
    </ClCompile>
    <ClCompile Include="parser_source\class_GrammarCompiler.cpp">
      <Filter>Source Files</Filter>
    </ClCompile>
    <ClCompile Include="parser_source\class_Parser.cpp">
      <Filter>Source Files</Filter>
    </ClCompile>
    <ClCompile Include="Source_test.cpp">
      <Filter>Source Files</Filter>
    </ClCompile>
  </ItemGroup>
  <ItemGroup>
    <ClInclude Include="CFGPairs.h">
      <Filter>Header Files</Filter>
    </ClInclude>
    <ClInclude Include="parser_source\class_GrammarCompiler.h">
      <Filter>Header Files</Filter>
    </ClInclude>
    <ClInclude Include="parser_source\class_Parser.h">
      <Filter>Header Files</Filter>
    </ClInclude>
  </ItemGroup>
  <ItemGroup>
    <Filter Include="Header Files">
      <UniqueIdentifier>{58a12ebe-125d-4e93-9921-c6567a58d154}</UniqueIdentifier>
    </Filter>
    <Filter Include="Source Files">
      <UniqueIdentifier>{3524533a-f102-4066-a192-1dd482eff4db}</UniqueIdentifier>
    </Filter>
  </ItemGroup>
</Project>